
Microsoft Visual Studio Solution File, Format Version 12.00
# Visual Studio Version 17
VisualStudioVersion = 17.6.33815.320
MinimumVisualStudioVersion = 10.0.40219.1
Project("{9A19103F-16F7-4668-BE54-9A1E7A4F7556}") = "ServerPagination", "ServerPagination\ServerPagination.csproj", "{6DE431B5-3950-4FB1-BC4B-2AEFB28186F8}"
EndProject
Project("{9A19103F-16F7-4668-BE54-9A1E7A4F7556}") = "ServerPagination.API", "ServerPagination.API\ServerPagination.API.csproj", "{1D63827B-7A3D-4D4E-9EFB-DF3B0CE74FE8}"
EndProject
Project("{9A19103F-16F7-4668-BE54-9A1E7A4F7556}") = "ServerPagination.DataAccess", "ServerPagination.DataAccess\ServerPagination.DataAccess.csproj", "{E765C0B0-EB32-4C06-883F-493A38D36B0E}"
EndProject
Project("{9A19103F-16F7-4668-BE54-9A1E7A4F7556}") = "ServerPagination.Models", "ServerPagination.Models\ServerPagination.Models.csproj", "{81D23D48-C82C-4ACD-AE20-26A2C2B8EE82}"
EndProject
Project("{9A19103F-16F7-4668-BE54-9A1E7A4F7556}") = "ServerPagination.Services", "ServerPagination.Services\ServerPagination.Services.csproj", "{1A5C4F69-13F8-47B3-BB4C-084D8A62D21C}"
EndProject
Global
	GlobalSection(SolutionConfigurationPlatforms) = preSolution
		Debug|Any CPU = Debug|Any CPU
		Release|Any CPU = Release|Any CPU
	EndGlobalSection
	GlobalSection(ProjectConfigurationPlatforms) = postSolution
		{6DE431B5-3950-4FB1-BC4B-2AEFB28186F8}.Debug|Any CPU.ActiveCfg = Debug|Any CPU
		{6DE431B5-3950-4FB1-BC4B-2AEFB28186F8}.Debug|Any CPU.Build.0 = Debug|Any CPU
		{6DE431B5-3950-4FB1-BC4B-2AEFB28186F8}.Release|Any CPU.ActiveCfg = Release|Any CPU
		{6DE431B5-3950-4FB1-BC4B-2AEFB28186F8}.Release|Any CPU.Build.0 = Release|Any CPU
		{1D63827B-7A3D-4D4E-9EFB-DF3B0CE74FE8}.Debug|Any CPU.ActiveCfg = Debug|Any CPU
		{1D63827B-7A3D-4D4E-9EFB-DF3B0CE74FE8}.Debug|Any CPU.Build.0 = Debug|Any CPU
		{1D63827B-7A3D-4D4E-9EFB-DF3B0CE74FE8}.Release|Any CPU.ActiveCfg = Release|Any CPU
		{1D63827B-7A3D-4D4E-9EFB-DF3B0CE74FE8}.Release|Any CPU.Build.0 = Release|Any CPU
		{E765C0B0-EB32-4C06-883F-493A38D36B0E}.Debug|Any CPU.ActiveCfg = Debug|Any CPU
		{E765C0B0-EB32-4C06-883F-493A38D36B0E}.Debug|Any CPU.Build.0 = Debug|Any CPU
		{E765C0B0-EB32-4C06-883F-493A38D36B0E}.Release|Any CPU.ActiveCfg = Release|Any CPU
		{E765C0B0-EB32-4C06-883F-493A38D36B0E}.Release|Any CPU.Build.0 = Release|Any CPU
		{81D23D48-C82C-4ACD-AE20-26A2C2B8EE82}.Debug|Any CPU.ActiveCfg = Debug|Any CPU
		{81D23D48-C82C-4ACD-AE20-26A2C2B8EE82}.Debug|Any CPU.Build.0 = Debug|Any CPU
		{81D23D48-C82C-4ACD-AE20-26A2C2B8EE82}.Release|Any CPU.ActiveCfg = Release|Any CPU
		{81D23D48-C82C-4ACD-AE20-26A2C2B8EE82}.Release|Any CPU.Build.0 = Release|Any CPU
		{1A5C4F69-13F8-47B3-BB4C-084D8A62D21C}.Debug|Any CPU.ActiveCfg = Debug|Any CPU
		{1A5C4F69-13F8-47B3-BB4C-084D8A62D21C}.Debug|Any CPU.Build.0 = Debug|Any CPU
		{1A5C4F69-13F8-47B3-BB4C-084D8A62D21C}.Release|Any CPU.ActiveCfg = Release|Any CPU
		{1A5C4F69-13F8-47B3-BB4C-084D8A62D21C}.Release|Any CPU.Build.0 = Release|Any CPU
	EndGlobalSection
	GlobalSection(SolutionProperties) = preSolution
		HideSolutionNode = FALSE
	EndGlobalSection
	GlobalSection(ExtensibilityGlobals) = postSolution
		SolutionGuid = {D490741E-5395-45EC-94EF-D725763249FC}
	EndGlobalSection
EndGlobal
